
Microsoft Visual Studio Solution File, Format Version 12.00
# Visual Studio 15
VisualStudioVersion = 15.0.28010.2016
MinimumVisualStudioVersion = 10.0.40219.1
Project("{FAE04EC0-301F-11D3-BF4B-00C04F79EFBC}") = "WindowsFormsApp19", "WindowsFormsApp19\WindowsFormsApp19.csproj", "{2D0C4F07-5461-423D-8FF9-664284875D76}"
EndProject
Global
	GlobalSection(SolutionConfigurationPlatforms) = preSolution
		Debug|Any CPU = Debug|Any CPU
		Release|Any CPU = Release|Any CPU
	EndGlobalSection
	GlobalSection(ProjectConfigurationPlatforms) = postSolution
		{2D0C4F07-5461-423D-8FF9-664284875D76}.Debug|Any CPU.ActiveCfg = Debug|Any CPU
		{2D0C4F07-5461-423D-8FF9-664284875D76}.Debug|Any CPU.Build.0 = Debug|Any CPU
		{2D0C4F07-5461-423D-8FF9-664284875D76}.Release|Any CPU.ActiveCfg = Release|Any CPU
		{2D0C4F07-5461-423D-8FF9-664284875D76}.Release|Any CPU.Build.0 = Release|Any CPU
	EndGlobalSection
	GlobalSection(SolutionProperties) = preSolution
		HideSolutionNode = FALSE
	EndGlobalSection
	GlobalSection(ExtensibilityGlobals) = postSolution
		SolutionGuid = {ADBAFE89-F4A9-4C2D-AC96-0F3A74FB4EE3}
	EndGlobalSection
EndGlobal
